dependencies:
- name: replybot
  repository: oci://us-west1-docker.pkg.dev/toixotoixo/vlab-research/charts
  version: 0.0.1
- name: botserver
  repository: oci://us-west1-docker.pkg.dev/toixotoixo/vlab-research/charts
  version: 0.0.2
- name: linksniffer
  repository: oci://us-west1-docker.pkg.dev/toixotoixo/vlab-research/charts
  version: 0.0.2
- name: dashboard
  repository: oci://us-west1-docker.pkg.dev/toixotoixo/vlab-research/charts
  version: 0.0.2
- name: formcentral
  repository: oci://us-west1-docker.pkg.dev/toixotoixo/vlab-research/charts
  version: 0.0.1
- name: dinersclub
  repository: oci://us-west1-docker.pkg.dev/toixotoixo/vlab-research/charts
  version: 0.0.1
- name: dean
  repository: oci://us-west1-docker.pkg.dev/toixotoixo/vlab-research/charts
  version: 0.0.3
- name: scribble
  repository: oci://us-west1-docker.pkg.dev/toixotoixo/vlab-research/charts
  version: 0.0.1
- name: dumper
  repository: https://vlab-research.github.io/fly
  version: 0.0.3
- name: naughtybot
  repository: https://vlab-research.github.io/fly
  version: 0.0.1
- name: botscribe
  repository: https://vlab-research.github.io/fly
  version: 0.0.1
- name: scratchbot
  repository: https://vlab-research.github.io/fly
  version: 0.0.1
- name: cockroachdb
  repository: https://charts.cockroachdb.com/
  version: 10.0.4
- name: kafka
  repository: https://charts.bitnami.com/bitnami
  version: 22.0.1
digest: sha256:577f3ff578567e6fd264178fa16c62f7185ae7d17472f7a52f035b556cdd9947
generated: "2023-06-09T10:25:23.611405297+02:00"
