dependencies:
- name: replybot
  repository: https://vlab-research.github.io/fly
  version: 0.0.1
- name: botserver
  repository: https://vlab-research.github.io/fly
  version: 0.0.1
- name: linksniffer
  repository: https://vlab-research.github.io/fly
  version: 0.0.1
- name: dashboard
  repository: https://vlab-research.github.io/fly
  version: 0.0.1
- name: formcentral
  repository: https://vlab-research.github.io/fly
  version: 0.0.1
- name: dumper
  repository: https://vlab-research.github.io/fly
  version: 0.0.3
- name: dinersclub
  repository: https://vlab-research.github.io/fly
  version: 0.0.1
- name: dean
  repository: https://vlab-research.github.io/fly
  version: 0.0.3
- name: scribble
  repository: https://vlab-research.github.io/fly
  version: 0.0.1
- name: naughtybot
  repository: https://vlab-research.github.io/fly
  version: 0.0.1
- name: botscribe
  repository: https://vlab-research.github.io/fly
  version: 0.0.1
- name: scratchbot
  repository: https://vlab-research.github.io/fly
  version: 0.0.1
- name: cockroachdb
  repository: https://charts.cockroachdb.com/
  version: 5.0.1
- name: kafka
  repository: https://charts.bitnami.com/bitnami
  version: 14.0.5
digest: sha256:a08a868ff218b55652a69b22390146a596d33adb6f9ddf9eb5316f82f29b12d3
generated: "2022-04-11T00:32:41.875292801+02:00"
